{
  "nodes": {
    "brew-src": {
      "flake": false,
      "locked": {
        "lastModified": 1786945682,
        "narHash": "sha256-VBESSoJccikdhxh3vp3SQeG7cZXTOulMvVkoSqNDEhs=",
        "owner": "Homebrew",
        "repo": "brew",
        "rev": "5b90e281d4e0c8fbd6ca4d8358276fb305b8d0bd",
        "type": "github"
      },
      "original": {
        "owner": "Homebrew",
        "ref": "6.0.18",
        "repo": "brew",
        "type": "github"
      }
    },
    "catppuccin": {
      "inputs": {
        "nixpkgs": "nixpkgs"
      },
      "locked": {
        "lastModified": 1768256610,
        "narHash": "sha256-IyL6nZo242nDLoLQVwkqAZXp8FO5kBfjL6Fuh+gZO10=",
        "owner": "catppuccin",
        "repo": "nix",
        "rev": "0734ad8c91342df34f1a1e5c183d053d70ba87c7",
        "type": "github"
      },
      "original": {
        "owner": "catppuccin",
        "ref": "release-25.11",
        "repo": "nix",
        "type": "github"
      }
    },
    "claude-code": {
      "inputs": {
        "nixpkgs": [
          "nixpkgs"
        ],
        "systems": "systems"
      },
      "locked": {
        "lastModified": 1787448531,
        "narHash": "sha256-XL0bbQUXgB5TXKWUBzAVxbNwsoII/XQmuHpwqaRI6OQ=",
        "owner": "sadjow",
        "repo": "claude-code-nix",
        "rev": "a652fdf13cf7ac39be23fafbca3e1d6290eff001",
        "type": "github"
      },
      "original": {
        "owner": "sadjow",
        "repo": "claude-code-nix",
        "type": "github"
      }
    },
    "codex-cli": {
      "inputs": {
        "flake-utils": "flake-utils",
        "nixpkgs": [
          "nixpkgs"
        ]
      },
      "locked": {
        "lastModified": 1787260212,
        "narHash": "sha256-cd9PhHDHLOmZEGqRd+zQPGNJHCtFrFWzIreM5IVbwVQ=",
        "owner": "sadjow",
        "repo": "codex-cli-nix",
        "rev": "36fefe14f5549c2751afa313bfcc8582eb025707",
        "type": "github"
      },
      "original": {
        "owner": "sadjow",
        "repo": "codex-cli-nix",
        "type": "github"
      }
    },
    "codex-plugin-cc": {
      "flake": false,
      "locked": {
        "lastModified": 1783469820,
        "narHash": "sha256-S/R4kHTcIHBcG0TRX063C7ILXZZm0oMqunchPGg6ToU=",
        "owner": "openai",
        "repo": "codex-plugin-cc",
        "rev": "db52e28f4d9ded852ab3942cea316258ae4ef346",
        "type": "github"
      },
      "original": {
        "owner": "openai",
        "repo": "codex-plugin-cc",
        "rev": "db52e28f4d9ded852ab3942cea316258ae4ef346",
        "type": "github"
      }
    },
    "flake-compat": {
      "flake": false,
      "locked": {
        "lastModified": 1767039857,
        "narHash": "sha256-vNpUSpF5Nuw8xvDLj2KCwwksIbjua2LZCqhV1LNRDns=",
        "owner": "edolstra",
        "repo": "flake-compat",
        "rev": "5edf11c44bc78a0d334f6334cdaf7d60d732daab",
        "type": "github"
      },
      "original": {
        "owner": "edolstra",
        "repo": "flake-compat",
        "type": "github"
      }
    },
    "flake-utils": {
      "inputs": {
        "systems": "systems_2"
      },
      "locked": {
        "lastModified": 1731533236,
        "narHash": "sha256-l0KFg5HjrsfsO/JpG+r7fRrqm12kzFHyUHqHCVpMMbI=",
        "owner": "numtide",
        "repo": "flake-utils",
        "rev": "11707dc2f618dd54ca8739b309ec4fc024de578b",
        "type": "github"
      },
      "original": {
        "owner": "numtide",
        "repo": "flake-utils",
        "type": "github"
      }
    },
    "ghostty": {
      "inputs": {
        "flake-compat": "flake-compat",
        "home-manager": "home-manager",
        "nixpkgs": "nixpkgs_2",
        "systems": "systems_3",
        "zig": "zig",
        "zon2nix": "zon2nix"
      },
      "locked": {
        "lastModified": 1787495010,
        "narHash": "sha256-WKQPHmHRKJsdAxW/80HL61sc9NVgy4oS6Yip2YMp7UE=",
        "owner": "ghostty-org",
        "repo": "ghostty",
        "rev": "e4240606752e5e4eb480b69104d75db0054f71c8",
        "type": "github"
      },
      "original": {
        "owner": "ghostty-org",
        "repo": "ghostty",
        "type": "github"
      }
    },
    "home-manager": {
      "inputs": {
        "nixpkgs": [
          "ghostty",
          "nixpkgs"
        ]
      },
      "locked": {
        "lastModified": 1782657028,
        "narHash": "sha256-PHTCpYZCMzJYS3phhywqRAZphKVr2zjvlGYa+H20ZZ4=",
        "owner": "nix-community",
        "repo": "home-manager",
        "rev": "4ad9aaae70c9aaab504127f926c0fa9cfbc2b365",
        "type": "github"
      },
      "original": {
        "owner": "nix-community",
        "repo": "home-manager",
        "type": "github"
      }
    },
    "home-manager_2": {
      "inputs": {
        "nixpkgs": [
          "nixpkgs"
        ]
      },
      "locked": {
        "lastModified": 1779506708,
        "narHash": "sha256-QOD/CNm196nCJRheux/URi4/HE66fthdOMqCJoPP1Y0=",
        "owner": "nix-community",
        "repo": "home-manager",
        "rev": "3ee51fbdac8c8bdfe1e7e1fcaba6520a563f394f",
        "type": "github"
      },
      "original": {
        "owner": "nix-community",
        "ref": "release-25.11",
        "repo": "home-manager",
        "type": "github"
      }
    },
    "homebrew-bundle": {
      "flake": false,
      "locked": {
        "lastModified": 1745335228,
        "narHash": "sha256-TIKR2UgtyUmHLNZp255/vLs+1I10hXe+sciMEbAGFwE=",
        "owner": "homebrew",
        "repo": "homebrew-bundle",
        "rev": "a3265c84b232e13048ecbf6fc18a2eedfadbeb08",
        "type": "github"
      },
      "original": {
        "owner": "homebrew",
        "repo": "homebrew-bundle",
        "type": "github"
      }
    },
    "homebrew-cask": {
      "flake": false,
      "locked": {
        "lastModified": 1787494212,
        "narHash": "sha256-xAYbnW2tiwFpoXZL6NnJZdYCHUyB7p16qUN5Va/1pvg=",
        "owner": "homebrew",
        "repo": "homebrew-cask",
        "rev": "8a4db2630eef6bdfcf04234e52b657f131474061",
        "type": "github"
      },
      "original": {
        "owner": "homebrew",
        "repo": "homebrew-cask",
        "type": "github"
      }
    },
    "homebrew-core": {
      "flake": false,
      "locked": {
        "lastModified": 1787497550,
        "narHash": "sha256-yuxzkovdJLFs68NUlGKry82H4tyXQUWIPziv0jPC7SQ=",
        "owner": "homebrew",
        "repo": "homebrew-core",
        "rev": "36abb672cc74f833d84080581efb050a5ffd07dd",
        "type": "github"
      },
      "original": {
        "owner": "homebrew",
        "repo": "homebrew-core",
        "type": "github"
      }
    },
    "nikitabobko-tap": {
      "flake": false,
      "locked": {
        "lastModified": 1784218089,
        "narHash": "sha256-2FfJuPb9CaXPOU71NWPjoiENUoGQepSr/IkKQMLkFaQ=",
        "owner": "nikitabobko",
        "repo": "homebrew-tap",
        "rev": "13b49a6711cc9d2f4555056b4f7023c8ad2bbb4b",
        "type": "github"
      },
      "original": {
        "owner": "nikitabobko",
        "repo": "homebrew-tap",
        "type": "github"
      }
    },
    "nix-darwin": {
      "inputs": {
        "nixpkgs": [
          "nixpkgs-darwin"
        ]
      },
      "locked": {
        "lastModified": 1772129556,
        "narHash": "sha256-Utk0zd8STPsUJPyjabhzPc5BpPodLTXrwkpXBHYnpeg=",
        "owner": "lnl7",
        "repo": "nix-darwin",
        "rev": "ebec37af18215214173c98cf6356d0aca24a2585",
        "type": "github"
      },
      "original": {
        "owner": "lnl7",
        "ref": "nix-darwin-25.11",
        "repo": "nix-darwin",
        "type": "github"
      }
    },
    "nix-homebrew": {
      "inputs": {
        "brew-src": "brew-src"
      },
      "locked": {
        "lastModified": 1787330919,
        "narHash": "sha256-LslMncqN7uOOH5S88WZtO/EVt2HwD8ltUnfyANk+mC0=",
        "owner": "zhaofengli-wip",
        "repo": "nix-homebrew",
        "rev": "b00218e4aec0e5bf07d61a0bb13f842faa582d7b",
        "type": "github"
      },
      "original": {
        "owner": "zhaofengli-wip",
        "repo": "nix-homebrew",
        "type": "github"
      }
    },
    "nixos-wsl": {
      "inputs": {
        "flake-compat": [],
        "nixpkgs": [
          "nixpkgs"
        ]
      },
      "locked": {
        "lastModified": 1784642409,
        "narHash": "sha256-hcbDqFuySAJawljt5r0sKBCJKYnbtGD0T/ZIozH1Dq0=",
        "owner": "nix-community",
        "repo": "nixos-wsl",
        "rev": "eaeb18da90024448a60eb1ec7132eafa4003404e",
        "type": "github"
      },
      "original": {
        "owner": "nix-community",
        "repo": "nixos-wsl",
        "type": "github"
      }
    },
    "nixpkgs": {
      "locked": {
        "lastModified": 1764521362,
        "narHash": "sha256-M101xMtWdF1eSD0xhiR8nG8CXRlHmv6V+VoY65Smwf4=",
        "owner": "NixOS",
        "repo": "nixpkgs",
        "rev": "871b9fd269ff6246794583ce4ee1031e1da71895",
        "type": "github"
      },
      "original": {
        "owner": "NixOS",
        "ref": "25.11",
        "repo": "nixpkgs",
        "type": "github"
      }
    },
    "nixpkgs-darwin": {
      "locked": {
        "lastModified": 1782904953,
        "narHash": "sha256-ESJ4VgytmAt+98YLM8466luln4HyEZ9Q36b9+Bb4P5w=",
        "owner": "NixOS",
        "repo": "nixpkgs",
        "rev": "0921fdb3e13e40fe25fbc52b89661a9d6d32ac68",
        "type": "github"
      },
      "original": {
        "owner": "NixOS",
        "ref": "nixpkgs-25.11-darwin",
        "repo": "nixpkgs",
        "type": "github"
      }
    },
    "nixpkgs-unstable": {
      "locked": {
        "lastModified": 1787364730,
        "narHash": "sha256-NcYt9QJfpJiF1lAyN8BDPB4EeScbPU+EwQqPiBElrpU=",
        "owner": "NixOS",
        "repo": "nixpkgs",
        "rev": "a831408e6378bc02ebf8cc09b52c96ca86f6bab4",
        "type": "github"
      },
      "original": {
        "owner": "NixOS",
        "ref": "nixpkgs-unstable",
        "repo": "nixpkgs",
        "type": "github"
      }
    },
    "nixpkgs_2": {
      "locked": {
        "lastModified": 1782545840,
        "narHash": "sha256-CAi8oAZaE6pTkcYQBnnOlvmfMgG/p1AO0FohKKN3J7I=",
        "rev": "3d46470bb3030020f7e1361f33514854f5bfa86d",
        "type": "tarball",
        "url": "https://releases.nixos.org/nixpkgs/nixpkgs-26.11pre1023445.3d46470bb303/nixexprs.tar.xz"
      },
      "original": {
        "type": "tarball",
        "url": "https://channels.nixos.org/nixpkgs-unstable/nixexprs.tar.xz"
      }
    },
    "nixpkgs_3": {
      "locked": {
        "lastModified": 1782847189,
        "narHash": "sha256-twXPFqFsrrY5r28Zh7Homgcp2gUMBgQ6WDS98Q/3xFI=",
        "owner": "NixOS",
        "repo": "nixpkgs",
        "rev": "b6018f87da91d19d0ab4cf979885689b469cdd41",
        "type": "github"
      },
      "original": {
        "owner": "NixOS",
        "ref": "nixos-25.11",
        "repo": "nixpkgs",
        "type": "github"
      }
    },
    "root": {
      "inputs": {
        "catppuccin": "catppuccin",
        "claude-code": "claude-code",
        "codex-cli": "codex-cli",
        "codex-plugin-cc": "codex-plugin-cc",
        "ghostty": "ghostty",
        "home-manager": "home-manager_2",
        "homebrew-bundle": "homebrew-bundle",
        "homebrew-cask": "homebrew-cask",
        "homebrew-core": "homebrew-core",
        "nikitabobko-tap": "nikitabobko-tap",
        "nix-darwin": "nix-darwin",
        "nix-homebrew": "nix-homebrew",
        "nixos-wsl": "nixos-wsl",
        "nixpkgs": "nixpkgs_3",
        "nixpkgs-darwin": "nixpkgs-darwin",
        "nixpkgs-unstable": "nixpkgs-unstable",
        "sops-nix": "sops-nix",
        "spotx-bash": "spotx-bash",
        "ui-ux-pro-max": "ui-ux-pro-max"
      }
    },
    "sops-nix": {
      "inputs": {
        "nixpkgs": [
          "nixpkgs"
        ]
      },
      "locked": {
        "lastModified": 1786629091,
        "narHash": "sha256-gkig4nPi1CWc4Z50GBsjE4ygSE7hMpl/TwID2an2Cck=",
        "owner": "Mic92",
        "repo": "sops-nix",
        "rev": "a8627b21b9107c5711c96b84f32a9a4b3d45295f",
        "type": "github"
      },
      "original": {
        "owner": "Mic92",
        "repo": "sops-nix",
        "type": "github"
      }
    },
    "spotx-bash": {
      "flake": false,
      "locked": {
        "lastModified": 1787329783,
        "narHash": "sha256-+92plcw35VwSJTykWpg2uVKRtrVhBhFUTwD80K2L1kQ=",
        "owner": "SpotX-Official",
        "repo": "SpotX-Bash",
        "rev": "1572d6cd4fdc1ca56970ac8db192f2e18812e828",
        "type": "github"
      },
      "original": {
        "owner": "SpotX-Official",
        "repo": "SpotX-Bash",
        "type": "github"
      }
    },
    "systems": {
      "locked": {
        "lastModified": 1681028828,
        "narHash": "sha256-Vy1rq5AaRuLzOxct8nz4T6wlgyUR7zLU309k9mBC768=",
        "owner": "nix-systems",
        "repo": "default",
        "rev": "da67096a3b9bf56a91d16901293e51ba5b49a27e",
        "type": "github"
      },
      "original": {
        "owner": "nix-systems",
        "repo": "default",
        "type": "github"
      }
    },
    "systems_2": {
      "locked": {
        "lastModified": 1681028828,
        "narHash": "sha256-Vy1rq5AaRuLzOxct8nz4T6wlgyUR7zLU309k9mBC768=",
        "owner": "nix-systems",
        "repo": "default",
        "rev": "da67096a3b9bf56a91d16901293e51ba5b49a27e",
        "type": "github"
      },
      "original": {
        "owner": "nix-systems",
        "repo": "default",
        "type": "github"
      }
    },
    "systems_3": {
      "flake": false,
      "locked": {
        "lastModified": 1681028828,
        "narHash": "sha256-Vy1rq5AaRuLzOxct8nz4T6wlgyUR7zLU309k9mBC768=",
        "owner": "nix-systems",
        "repo": "default",
        "rev": "da67096a3b9bf56a91d16901293e51ba5b49a27e",
        "type": "github"
      },
      "original": {
        "owner": "nix-systems",
        "repo": "default",
        "type": "github"
      }
    },
    "ui-ux-pro-max": {
      "flake": false,
      "locked": {
        "lastModified": 1787226546,
        "narHash": "sha256-IJViR89dcLOBHj2iAVVcI0elb0T96CqACv/8UU5mK8w=",
        "owner": "nextlevelbuilder",
        "repo": "ui-ux-pro-max-skill",
        "rev": "bc826e2267a36d98a2dcf5231e16c30ff546770f",
        "type": "github"
      },
      "original": {
        "owner": "nextlevelbuilder",
        "repo": "ui-ux-pro-max-skill",
        "type": "github"
      }
    },
    "zig": {
      "inputs": {
        "flake-compat": [
          "ghostty",
          "flake-compat"
        ],
        "nixpkgs": [
          "ghostty",
          "nixpkgs"
        ],
        "systems": [
          "ghostty",
          "systems"
        ]
      },
      "locked": {
        "lastModified": 1782609341,
        "narHash": "sha256-OfCPJFS/2Z2ZyjE4adR7PL+ZEqvDQFi2XNI1L8s6wKU=",
        "owner": "mitchellh",
        "repo": "zig-overlay",
        "rev": "5386fea92c45b154bbeb52d14ef5504f82eda86c",
        "type": "github"
      },
      "original": {
        "owner": "mitchellh",
        "repo": "zig-overlay",
        "type": "github"
      }
    },
    "zon2nix": {
      "inputs": {
        "nixpkgs": [
          "ghostty",
          "nixpkgs"
        ]
      },
      "locked": {
        "lastModified": 1784117571,
        "narHash": "sha256-Hvnmnuu0VpHiZl+8z+UkMoxC7JZJvRYBqu2Asb0ZJOE=",
        "owner": "jcollie",
        "repo": "zon2nix",
        "rev": "0ce628fb78309cdb13d098ae9c6fdbf87c75d25b",
        "type": "github"
      },
      "original": {
        "owner": "jcollie",
        "ref": "main",
        "repo": "zon2nix",
        "type": "github"
      }
    }
  },
  "root": "root",
  "version": 7
}
